version = 1
revision = 3
requires-python = ">=3.10, <4"

[[package]]
name = "haitch"
version = "0.15.0"
source = { registry = "https://pypi.org/simple" }
dependencies = [
    { name = "typing-extensions" },
]
sdist = { url = "https://files.pythonhosted.org/packages/07/cc/18e3cfe86e43a36f9e04abedd489c44445004a5678319f57c99ed2a32325/haitch-0.15.0.tar.gz", hash = "sha256:95e8b0af92d6b97757935a6508f447494a463379066ae579c248f0231d4bb1f1", size = 59247, upload-time = "2026-03-28T17:49:56.5Z" }
wheels = [
    { url = "https://files.pythonhosted.org/packages/b7/3f/3540c05c41459d7d7ef9b86bbb79bc001501c696a9f9cc73a4ecd5a21b21/haitch-0.15.0-py3-none-any.whl", hash = "sha256:d98fbd5d1732bacc627eab99cd918b11f96a0cba12d76cb18903c0c08887e9bb", size = 105859, upload-time = "2026-03-28T17:49:54.774Z" },
]

[[package]]
name = "nh3"
version = "0.3.4"
source = { registry = "https://pypi.org/simple" }
sdist = { url = "https://files.pythonhosted.org/packages/4e/86/f8d3a7c9bd1bbaa181f6312c757e0b74d25f71ecf84ea3c0dc5e0f01840d/nh3-0.3.4.tar.gz", hash = "sha256:96709a379997c1b28c8974146ca660b0dcd3794f4f6d50c1ea549bab39ac6ade", size = 19520, upload-time = "2026-03-25T10:57:30.789Z" }
wheels = [
    { url = "https://files.pythonhosted.org/packages/fd/5e/c400663d14be2216bc084ed2befc871b7b12563f85d40904f2a4bf0dd2b7/nh3-0.3.4-cp314-cp314t-macosx_10_12_x86_64.macosx_11_0_arm64.macosx_10_12_universal2.whl", hash = "sha256:8b61058f34c2105d44d2a4d4241bacf603a1ef5c143b08766bbd0cf23830118f", size = 1417991, upload-time = "2026-03-25T10:56:59.13Z" },
    { url = "https://files.pythonhosted.org/packages/36/f5/109526f5002ec41322ac8cafd50f0f154bae0c26b9607c0fcb708bdca8ec/nh3-0.3.4-cp314-cp314t-manylinux_2_17_x86_64.manylinux2014_x86_64.whl", hash = "sha256:554cc2bab281758e94d770c3fb0bf2d8be5fb403ef6b2e8841dd7c1615df7a0f", size = 790566, upload-time = "2026-03-25T10:57:00.445Z" },
    { url = "https://files.pythonhosted.org/packages/7b/66/38950f2b4b316ffd82ee51ed8f9143d1f56fdd620312cacc91613b77b3e7/nh3-0.3.4-cp314-cp314t-manylinux_2_5_i686.manylinux1_i686.whl", hash = "sha256:dbe76feaa44e2ef9436f345016012a591550e77818876a8de5c8bc2a248e08df", size = 837538, upload-time = "2026-03-25T10:57:01.848Z" },
    { url = "https://files.pythonhosted.org/packages/d8/9f/9d6da970e9524fe360ea02a2082856390c2c8ba540409d1be6e5851887b3/nh3-0.3.4-cp314-cp314t-musllinux_1_2_aarch64.whl", hash = "sha256:87dac8d611b4a478400e0821a13b35770e88c266582f065e7249d6a37b0f86e8", size = 1012154, upload-time = "2026-03-25T10:57:03.592Z" },
    { url = "https://files.pythonhosted.org/packages/54/92/7c85c33c241e9dd51dda115bd3f765e940446588cdaaca62ef8edffe675f/nh3-0.3.4-cp314-cp314t-musllinux_1_2_armv7l.whl", hash = "sha256:8d697e19f2995b337f648204848ac3a528eaafffc39e7ce4ac6b7a2fbe6c84af", size = 1092516, upload-time = "2026-03-25T10:57:04.726Z" },
    { url = "https://files.pythonhosted.org/packages/16/0f/597842bdb2890999a3faa2f3fcb02db8aa6ad09320d3d843ff6d0a1f737b/nh3-0.3.4-cp314-cp314t-musllinux_1_2_i686.whl", hash = "sha256:7cae217f031809321db962cd7e092bda8d4e95a87f78c0226628fa6c2ea8ebc5", size = 1053793, upload-time = "2026-03-25T10:57:06.171Z" },
    { url = "https://files.pythonhosted.org/packages/7d/32/669da65147bc10746d2e1d7a8a3dbfbffe0315f419e74b559e2ee3471a01/nh3-0.3.4-cp314-cp314t-musllinux_1_2_x86_64.whl", hash = "sha256:07999b998bf89692738f15c0eac76a416382932f855709e0b7488b595c30ec89", size = 1035975, upload-time = "2026-03-25T10:57:07.292Z" },
    { url = "https://files.pythonhosted.org/packages/a1/7e/9e97a8b3c5161c79b4bf21cc54e9334860a52cc54ede15bf2239ef494b73/nh3-0.3.4-cp314-cp314t-win32.whl", hash = "sha256:ca90397c8d36c1535bf1988b2bed006597337843a164c7ec269dc8813f37536b", size = 600419, upload-time = "2026-03-25T10:57:08.342Z" },
    { url = "https://files.pythonhosted.org/packages/e0/c7/6849d8d4295d3997d148eacb2d4b1c9faada4895ee3c1b1e12e72f4611e2/nh3-0.3.4-cp314-cp314t-win_amd64.whl", hash = "sha256:41e46b3499918ab6128b6421677b316e79869d0c140da24069d220a94f4e72d1", size = 613342, upload-time = "2026-03-25T10:57:09.593Z" },
    { url = "https://files.pythonhosted.org/packages/8b/0e/14a3f510f36c20b922c123a2730f071f938d006fb513aacfd46d6cbc03a7/nh3-0.3.4-cp314-cp314t-win_arm64.whl", hash = "sha256:80b955d802bf365bd42e09f6c3d64567dce777d20e97968d94b3e9d9e99b265e", size = 607025, upload-time = "2026-03-25T10:57:10.959Z" },
    { url = "https://files.pythonhosted.org/packages/4a/57/a97955bc95960cfb1f0517043d60a121f4ba93fde252d4d9ffd3c2a9eead/nh3-0.3.4-cp38-abi3-macosx_10_12_x86_64.macosx_11_0_arm64.macosx_10_12_universal2.whl", hash = "sha256:d8bebcb20ab4b91858385cd98fe58046ec4a624275b45ef9b976475604f45b49", size = 1439519, upload-time = "2026-03-25T10:57:12.019Z" },
    { url = "https://files.pythonhosted.org/packages/2b/60/c9a33361da8cde7c7760f091cd10467bc470634e4eea31c8bb70935b00a4/nh3-0.3.4-cp38-abi3-manylinux_2_17_aarch64.manylinux2014_aarch64.whl", hash = "sha256:0d825722a1e8cbc87d7ca1e47ffb1d2a6cf343ad4c1b8465becf7cadcabcdfd0", size = 833798, upload-time = "2026-03-25T10:57:13.264Z" },
    { url = "https://files.pythonhosted.org/packages/6b/19/9487790780b8c94eacca37866c1270b747a4af8e244d43b3b550fddbbf62/nh3-0.3.4-cp38-abi3-manylinux_2_17_armv7l.manylinux2014_armv7l.whl", hash = "sha256:4aa8b43e68c26b68069a3b6cef09de166d1d7fa140cf8d77e409a46cbf742e44", size = 820414, upload-time = "2026-03-25T10:57:14.236Z" },
    { url = "https://files.pythonhosted.org/packages/6b/b4/c6a340dd321d20b1e4a663307032741da045685c87403926c43656f6f5ec/nh3-0.3.4-cp38-abi3-manylinux_2_17_ppc64.manylinux2014_ppc64.whl", hash = "sha256:f5f214618ad5eff4f2a6b13a8d4da4d9e7f37c569d90a13fb9f0caaf7d04fe21", size = 1061531, upload-time = "2026-03-25T10:57:15.384Z" },
    { url = "https://files.pythonhosted.org/packages/c4/49/f6b4b474e0032e4bcbb7174b44e4cf6915670e09c62421deb06ccfcb88b8/nh3-0.3.4-cp38-abi3-manylinux_2_17_ppc64le.manylinux2014_ppc64le.whl", hash = "sha256:3390e4333883673a684ce16c1716b481e91782d6f56dec5c85fed9feedb23382", size = 1021889, upload-time = "2026-03-25T10:57:16.454Z" },
    { url = "https://files.pythonhosted.org/packages/43/da/e52a6941746d1f974752af3fc8591f1dbcdcf7fd8c726c7d99f444ba820e/nh3-0.3.4-cp38-abi3-manylinux_2_17_s390x.manylinux2014_s390x.whl", hash = "sha256:18a2e44ccb29cbb45071b8f3f2dab9ebfb41a6516f328f91f1f1fd18196239a4", size = 912965, upload-time = "2026-03-25T10:57:17.624Z" },
    { url = "https://files.pythonhosted.org/packages/d6/b7/ec1cbc6b297a808c513f59f501656389623fc09ad6a58c640851289c7854/nh3-0.3.4-cp38-abi3-manylinux_2_17_x86_64.manylinux2014_x86_64.whl", hash = "sha256:0961a27dc2057c38d0364cb05880e1997ae1c80220cbc847db63213720b8f304", size = 804975, upload-time = "2026-03-25T10:57:18.994Z" },
    { url = "https://files.pythonhosted.org/packages/a9/56/b1275aa2c6510191eed76178da4626b0900402439cb9f27d6b9bf7c6d5e9/nh3-0.3.4-cp38-abi3-manylinux_2_31_riscv64.whl", hash = "sha256:9337517edb7c10228252cce2898e20fb3d77e32ffaccbb3c66897927d74215a0", size = 833400, upload-time = "2026-03-25T10:57:20.086Z" },
    { url = "https://files.pythonhosted.org/packages/7c/a5/5d574ffa3c6e49a5364d1b25ebad165501c055340056671493beb467a15e/nh3-0.3.4-cp38-abi3-manylinux_2_5_i686.manylinux1_i686.whl", hash = "sha256:d866701affe67a5171b916b5c076e767a74c6a9efb7fb2006eb8d3c5f9a293d5", size = 854277, upload-time = "2026-03-25T10:57:21.433Z" },
    { url = "https://files.pythonhosted.org/packages/79/36/8aeb2ab21517cefa212db109e41024e02650716cb42bf293d0a88437a92d/nh3-0.3.4-cp38-abi3-musllinux_1_2_aarch64.whl", hash = "sha256:47d749d99ae005ab19517224140b280dd56e77b33afb82f9b600e106d0458003", size = 1022021, upload-time = "2026-03-25T10:57:22.433Z" },
    { url = "https://files.pythonhosted.org/packages/9c/95/9fd860997685e64abe2d5a995ca2eb5004c0fb6d6585429612a7871548b9/nh3-0.3.4-cp38-abi3-musllinux_1_2_armv7l.whl", hash = "sha256:f987cb56458323405e8e5ea827e1befcf141ffa0c0ac797d6d02e6b646056d9a", size = 1103526, upload-time = "2026-03-25T10:57:23.487Z" },
    { url = "https://files.pythonhosted.org/packages/7d/0d/df545070614c1007f0109bb004230226c9000e7857c9785583ec25cda9d7/nh3-0.3.4-cp38-abi3-musllinux_1_2_i686.whl", hash = "sha256:883d5a6d6ee8078c4afc8e96e022fe579c4c265775ff6ee21e39b8c542cabab3", size = 1068050, upload-time = "2026-03-25T10:57:24.624Z" },
    { url = "https://files.pythonhosted.org/packages/94/d5/17b016df52df052f714c53be71df26a1943551d9931e9383b92c998b88f8/nh3-0.3.4-cp38-abi3-musllinux_1_2_x86_64.whl", hash = "sha256:75643c22f5092d8e209f766ee8108c400bc1e44760fc94d2d638eb138d18f853", size = 1046037, upload-time = "2026-03-25T10:57:25.799Z" },
    { url = "https://files.pythonhosted.org/packages/51/39/49f737907e6ab2b4ca71855d3bd63dd7958862e9c8b94fb4e5b18ccf6988/nh3-0.3.4-cp38-abi3-win32.whl", hash = "sha256:72e4e9ca1c4bd41b4a28b0190edc2e21e3f71496acd36a0162858e1a28db3d7e", size = 609542, upload-time = "2026-03-25T10:57:27.112Z" },
    { url = "https://files.pythonhosted.org/packages/73/4f/af8e9071d7464575a7316831938237ffc9d92d27f163dbdd964b1309cd9b/nh3-0.3.4-cp38-abi3-win_amd64.whl", hash = "sha256:c10b1f0c741e257a5cb2978d6bac86e7c784ab20572724b20c6402c2e24bce75", size = 624244, upload-time = "2026-03-25T10:57:28.302Z" },
    { url = "https://files.pythonhosted.org/packages/44/0c/37695d6b0168f6714b5c492331636a9e6123d6ec22d25876c68d06eab1b8/nh3-0.3.4-cp38-abi3-win_arm64.whl", hash = "sha256:43ad4eedee7e049b9069bc015b7b095d320ed6d167ecec111f877de1540656e9", size = 616649, upload-time = "2026-03-25T10:57:29.623Z" },
]

[[package]]
name = "pylatexenc"
version = "2.10"
source = { registry = "https://pypi.org/simple" }
sdist = { url = "https://files.pythonhosted.org/packages/5d/ab/34ec41718af73c00119d0351b7a2531d2ebddb51833a36448fc7b862be60/pylatexenc-2.10.tar.gz", hash = "sha256:3dd8fd84eb46dc30bee1e23eaab8d8fb5a7f507347b23e5f38ad9675c84f40d3", size = 162597, upload-time = "2021-04-06T07:56:07.854Z" }

[[package]]
name = "selectolax"
version = "0.4.7"
source = { registry = "https://pypi.org/simple" }
sdist = { url = "https://files.pythonhosted.org/packages/3b/5c/bf049c4aec4c102977abcac68a90dfb1031edc225e9a754fe2c7e624a2d2/selectolax-0.4.7.tar.gz", hash = "sha256:17f7ba5a21714d450b4eea0451608a36be2bba8d327990ddbda812eb3f36fa51", size = 4822635, upload-time = "2026-03-06T09:25:15.411Z" }
wheels = [
    { url = "https://files.pythonhosted.org/packages/67/c7/23dced785d2b343819791506419d64ac8c99857b9925e86821c047ae795a/selectolax-0.4.7-cp310-cp310-macosx_10_9_x86_64.whl", hash = "sha256:bcf6e535cb2b2c0e5b35eb0d5bbe6d17f8d2cf96108addda1491cda083b798d7", size = 2063450, upload-time = "2026-03-06T09:23:35.441Z" },
    { url = "https://files.pythonhosted.org/packages/de/4a/508795393f5ec2fb0669886be4d6dcab8d0bd32022a37c873fa91ba65045/selectolax-0.4.7-cp310-cp310-macosx_11_0_arm64.whl", hash = "sha256:9bddcca1fd74a7a92d53f13116b244fbd4dce84ac0dde60b6ee722212840fe2f", size = 2060186, upload-time = "2026-03-06T09:23:37.058Z" },
    { url = "https://files.pythonhosted.org/packages/e4/8d/361c81bba10e99e2f13d4922451ed3ae462d26da29119fe14c85154bafa6/selectolax-0.4.7-cp310-cp310-manylinux2014_aarch64.manylinux_2_17_aarch64.manylinux_2_28_aarch64.whl", hash = "sha256:ab50b89f3d9b791696bc04eb2761c617f6c5979d57cde1ae93373a9d42d3a6ae", size = 2254009, upload-time = "2026-03-06T09:23:38.346Z" },
    { url = "https://files.pythonhosted.org/packages/3a/f5/b7cf054eba94cf9bc527af1ad353aa1e3058b896648ebcf050c3378cfee0/selectolax-0.4.7-cp310-cp310-manylinux2014_x86_64.manylinux_2_17_x86_64.manylinux_2_28_x86_64.whl", hash = "sha256:f815a0bd233ca188b117006c6ca7540031f259a8332592b276e802d24fed44bf", size = 2290691, upload-time = "2026-03-06T09:23:40.24Z" },
    { url = "https://files.pythonhosted.org/packages/43/c4/29d3b88d85a0761a023b9c8cf74e5cab7aa4e3253f135da2457fd5c242ad/selectolax-0.4.7-cp310-cp310-musllinux_1_2_aarch64.whl", hash = "sha256:e9d46ffaded9c3dd09371174f4302314851bacb7e0ff1a370f609b3aaa93431a", size = 2266643, upload-time = "2026-03-06T09:23:42.025Z" },
    { url = "https://files.pythonhosted.org/packages/e8/2f/91e0b8ab4be42b1a3505b4de482b0f50b59f04b3df60ab2b3038a3d2e378/selectolax-0.4.7-cp310-cp310-musllinux_1_2_x86_64.whl", hash = "sha256:e475e009e9f2df91e3971d89aa889072219bfee8fcf4b6c36db859a4301982cd", size = 2296495, upload-time = "2026-03-06T09:23:43.676Z" },
    { url = "https://files.pythonhosted.org/packages/35/eb/ab880b7a68ebc94ba5d685e80b356180fb679c85f3973b45aed219df693d/selectolax-0.4.7-cp310-cp310-win32.whl", hash = "sha256:a151972637887614dad8ea77bd36ea992fef1fb42cf246be60fe2aff83080537", size = 1741792, upload-time = "2026-03-06T09:23:45.276Z" },
    { url = "https://files.pythonhosted.org/packages/fb/52/10e978a9d835a8b7f795339b23cdaabc9c2a4d34596d7caa876868dbf2aa/selectolax-0.4.7-cp310-cp310-win_amd64.whl", hash = "sha256:98007b5882c968f5f33f9e01d088fbd796aa7debcbbadb68e95c130a7cecfd19", size = 1835703, upload-time = "2026-03-06T09:23:46.695Z" },
    { url = "https://files.pythonhosted.org/packages/4b/57/13bc1fcd4250c1f9d52774ff1488cb10936473963f9af39a59cfce688aa0/selectolax-0.4.7-cp310-cp310-win_arm64.whl", hash = "sha256:0e221e7403005e343c636ed51846ae20e52b81be24becaf9195308d24114c061", size = 1791893, upload-time = "2026-03-06T09:23:48.107Z" },
    { url = "https://files.pythonhosted.org/packages/a4/6b/3409a8fd1d217f3449742e86fffe6e29d3f5f9a969a8a6121b1002f377fb/selectolax-0.4.7-cp311-cp311-macosx_10_9_x86_64.whl", hash = "sha256:48d95f3bbe37caa6fe341992ac7b4fb5b7efad1ed8bd939af67b6be0ccd5634e", size = 2062822, upload-time = "2026-03-06T09:23:50.634Z" },
    { url = "https://files.pythonhosted.org/packages/45/b3/ea286b3e89b56d55995927f8fa01cc01b985a14bb7f0c572f06db051c33e/selectolax-0.4.7-cp311-cp311-macosx_11_0_arm64.whl", hash = "sha256:f222827fef20c142131f1948bc08ebf1c9f3294c79bca8fa9c0a71e234be7b2f", size = 2059566, upload-time = "2026-03-06T09:23:52.274Z" },
    { url = "https://files.pythonhosted.org/packages/e2/e0/8014f221b5ae3a3b1dbd915318cb01ee37e31f29a4cce088b39baab4a59d/selectolax-0.4.7-cp311-cp311-manylinux2014_aarch64.manylinux_2_17_aarch64.manylinux_2_28_aarch64.whl", hash = "sha256:4cc5c190277ff34f2e42be473ec5947ad5d87c07a072e25d0701c03b7ceb5b12", size = 2253634, upload-time = "2026-03-06T09:23:53.959Z" },
    { url = "https://files.pythonhosted.org/packages/17/f8/3c15c68b5cd2126cdadb9c47dd8931330d0ef40d64533fed3460feb8a9e8/selectolax-0.4.7-cp311-cp311-manylinux2014_x86_64.manylinux_2_17_x86_64.manylinux_2_28_x86_64.whl", hash = "sha256:26e24768ce86d376b50d311c1bdf54c5445139ac90cc5d955a7703402d2e2f7c", size = 2289548, upload-time = "2026-03-06T09:23:55.295Z" },
    { url = "https://files.pythonhosted.org/packages/5c/da/6d068419854eff6a83247804e358ef3abaa62815adac61f329583a992ab3/selectolax-0.4.7-cp311-cp311-musllinux_1_2_aarch64.whl", hash = "sha256:50a668ede8d3f2dbe872c2713a28348e9e3e154a49118b898568243bfb356c96", size = 2265394, upload-time = "2026-03-06T09:23:56.916Z" },
    { url = "https://files.pythonhosted.org/packages/94/cb/8dbecbacf55d55dd5cfe046a4d943ae1df979a96a7a407ee7d8c277976d5/selectolax-0.4.7-cp311-cp311-musllinux_1_2_x86_64.whl", hash = "sha256:5fb1c01d39570f0990e8e2a2037e3f0cf8d193da6ea9ca1936d5818d5cf6a260", size = 2296276, upload-time = "2026-03-06T09:23:58.689Z" },
    { url = "https://files.pythonhosted.org/packages/53/09/6dff1dcf77f762f3b088b63d6bc6ce15ce649066019e508031c140d483af/selectolax-0.4.7-cp311-cp311-win32.whl", hash = "sha256:8ca0af7156315d9193fac699e8e4c3281ea6dccc6262eed33b32001a633e57a9", size = 1740823, upload-time = "2026-03-06T09:24:00.367Z" },
    { url = "https://files.pythonhosted.org/packages/93/d8/2b8ff4f2cef4236ffc3bdf1c500517fddf9b0cf9d4db20d1d01a6c49a128/selectolax-0.4.7-cp311-cp311-win_amd64.whl", hash = "sha256:d322e725e0c575cacc8ba2f0041fb8405dc3932bff9073a563f568c6ef3a217b", size = 1836333, upload-time = "2026-03-06T09:24:02.066Z" },
    { url = "https://files.pythonhosted.org/packages/d5/cd/6a1989b9866430ad358865020e82e5aeb16a813df92455d4fd8608e27cae/selectolax-0.4.7-cp311-cp311-win_arm64.whl", hash = "sha256:3e3dac7de3864701a18cd6c4806d07944a5a48d1db2f107a0ce8531f72881462", size = 1791761, upload-time = "2026-03-06T09:24:03.546Z" },
    { url = "https://files.pythonhosted.org/packages/1f/1d/8d3db7dcc053f7f4088a826f9089324c7b37617f9caaf6a03f0ff5854bbd/selectolax-0.4.7-cp312-cp312-macosx_10_13_x86_64.whl", hash = "sha256:8fa541a520cc6213d754ec747ebbff12fdcc5b9f6bb7615784486e18697209fb", size = 2059304, upload-time = "2026-03-06T09:24:04.861Z" },
    { url = "https://files.pythonhosted.org/packages/42/64/de442c5056aa4f42d140556a8093bfadee72545919384cf38d6f651b75b0/selectolax-0.4.7-cp312-cp312-macosx_11_0_arm64.whl", hash = "sha256:2a0e9b1e3b1d091a0133b44b3967c79db8de73d99efe38af85bab615775aa4e8", size = 2057450, upload-time = "2026-03-06T09:24:06.25Z" },
    { url = "https://files.pythonhosted.org/packages/e4/42/969e084f59c845fbb304d55f8e3899ffe823f3cd78d85d083edffe772766/selectolax-0.4.7-cp312-cp312-manylinux2014_aarch64.manylinux_2_17_aarch64.manylinux_2_28_aarch64.whl", hash = "sha256:7134b119c011e18d1e914d5adbb8f953e391649b4af734fcec61dad691a16f59", size = 2251180, upload-time = "2026-03-06T09:24:07.536Z" },
    { url = "https://files.pythonhosted.org/packages/e9/1b/d8f84cb6385637cd793aad3a53618d3ee1b4329e0feb0f4db7a7f81af4da/selectolax-0.4.7-cp312-cp312-manylinux2014_x86_64.manylinux_2_17_x86_64.manylinux_2_28_x86_64.whl", hash = "sha256:3840b79f5f39744b95dc80e3b428cf4e49b86d8c6e9cbb3e7df3e702bf240cce", size = 2292532, upload-time = "2026-03-06T09:24:08.896Z" },
    { url = "https://files.pythonhosted.org/packages/85/54/15c3b5d94cf969748ffcca7289245d477ef69ce30a359c5a764b0bc2226e/selectolax-0.4.7-cp312-cp312-musllinux_1_2_aarch64.whl", hash = "sha256:eb6faf15e6cc6a7c61c04e15c3490e3f6693c98f732e531941687093de36db81", size = 2263969, upload-time = "2026-03-06T09:24:10.556Z" },
    { url = "https://files.pythonhosted.org/packages/e2/4f/fa4125a9a92b2a15a3b332592270e003e9092bb97c3d6c3a7f2714b4c507/selectolax-0.4.7-cp312-cp312-musllinux_1_2_x86_64.whl", hash = "sha256:3799b39d60266f7d4c48f322fac8eaecc6dec38f4342d6d3b17085d11815bcb4", size = 2298497, upload-time = "2026-03-06T09:24:11.919Z" },
    { url = "https://files.pythonhosted.org/packages/dd/9d/fef3b7d4f8da87762574ea20ff9612485639d6b0a9b7d3839738d8ced105/selectolax-0.4.7-cp312-cp312-win32.whl", hash = "sha256:88344c8764f3a2fbcae2fd2353201c330920943c2da34a16e9b063f918deb7d6", size = 1735965, upload-time = "2026-03-06T09:24:13.407Z" },
    { url = "https://files.pythonhosted.org/packages/31/25/5b893677a0acfc579d9ccb3f01204c4554ba533db5c144cc3b18e33e347b/selectolax-0.4.7-cp312-cp312-win_amd64.whl", hash = "sha256:00953c3c6a7e4dfd990a5651315b713d50131706c239c1f1c5b6d4a75a11975a", size = 1833805, upload-time = "2026-03-06T09:24:14.726Z" },
    { url = "https://files.pythonhosted.org/packages/63/ad/bb94f409f33871b6d9b3b4d56fb82d14d9b2fd2e7657f32c25a35167187e/selectolax-0.4.7-cp312-cp312-win_arm64.whl", hash = "sha256:e6b8d0f7cbdc6ca5cbf52dbd37f70c170184040499ac59a23409724724276784", size = 1783620, upload-time = "2026-03-06T09:24:16.062Z" },
    { url = "https://files.pythonhosted.org/packages/d2/6b/238c03a1be1aa73c5392026ae4efbcf9f8356bb5a07dda1134f07d33e78c/selectolax-0.4.7-cp313-cp313-macosx_10_13_x86_64.whl", hash = "sha256:fb8f169511f037b662dac1a0e27cff30f4317f9aa30af2e37c8a37c3ca8c7e3c", size = 2058636, upload-time = "2026-03-06T09:24:17.787Z" },
    { url = "https://files.pythonhosted.org/packages/f3/44/22e433b7dc31ff83574051dd9951175bcd0e36b56c0e25cb277929e77ecb/selectolax-0.4.7-cp313-cp313-macosx_11_0_arm64.whl", hash = "sha256:feaea6ac95da2fa137abad3c1ae13596bffed44c8e2bfa7802f89a37a1e5e39a", size = 2056263, upload-time = "2026-03-06T09:24:19.51Z" },
    { url = "https://files.pythonhosted.org/packages/af/95/05f264c622d0f0839954d0f197d420cffe5723354521b6ce543d32b272a1/selectolax-0.4.7-cp313-cp313-manylinux2014_aarch64.manylinux_2_17_aarch64.manylinux_2_28_aarch64.whl", hash = "sha256:fdc5ec34ccce3a691e1664a14bf0f40ad6a41117e5de88e85d8ac8e68a7ea8bd", size = 2247850, upload-time = "2026-03-06T09:24:21.28Z" },
    { url = "https://files.pythonhosted.org/packages/59/24/324a271f7ef49786d7bed5674e23718504fe996866e23c75f91ac06c3bfa/selectolax-0.4.7-cp313-cp313-manylinux2014_x86_64.manylinux_2_17_x86_64.manylinux_2_28_x86_64.whl", hash = "sha256:1a7016db9c55ae541f1669a3433aee03fc0a1111d70c84aa5636a5a6b9499854", size = 2287889, upload-time = "2026-03-06T09:24:23.948Z" },
    { url = "https://files.pythonhosted.org/packages/91/b0/779ab6c428be5cf53ebae1bc2539ebe9df9d8b76e2f9810f107a0338800e/selectolax-0.4.7-cp313-cp313-musllinux_1_2_aarch64.whl", hash = "sha256:d3da9e1609cefc9bb403f62c2b03d2f5622cbe3057c2f06e308a29fad8ae5654", size = 2261143, upload-time = "2026-03-06T09:24:25.552Z" },
    { url = "https://files.pythonhosted.org/packages/b6/c2/34b132d14922b7d8dbb50d0b487d22aeb7af8a47421baaf05f2cc1cc2dbd/selectolax-0.4.7-cp313-cp313-musllinux_1_2_x86_64.whl", hash = "sha256:9c70be8f4154a80b8d435bcc3217c04a82f928849fa2f6acd554d24c5b911db6", size = 2293796, upload-time = "2026-03-06T09:24:26.974Z" },
    { url = "https://files.pythonhosted.org/packages/24/67/6ba2b7140d7e92a3a0f815ac6c8001171973248a9f27206b339019e0b288/selectolax-0.4.7-cp313-cp313-win32.whl", hash = "sha256:df8a8db519484c868839f1d36be720feeb228c8f75cf7b745e325db183b319c6", size = 1735965, upload-time = "2026-03-06T09:24:28.463Z" },
    { url = "https://files.pythonhosted.org/packages/6c/1c/d22cbd6c5828a59addd42626c22b2afb3422bfce59cf88d15095da05243f/selectolax-0.4.7-cp313-cp313-win_amd64.whl", hash = "sha256:5a613760d2b890d7befd2e585a37dd0bdae9e23eee0cacb15d24adb83232c94e", size = 1834806, upload-time = "2026-03-06T09:24:29.875Z" },
    { url = "https://files.pythonhosted.org/packages/59/d7/d2206d9f38a534b4fc4383c7dd427ba0b927075c96881274a60978411723/selectolax-0.4.7-cp313-cp313-win_arm64.whl", hash = "sha256:7cbd1143920b7bd1b80e092d5a16c97fdc741b0325a42862f20edcb55ab493e8", size = 1783517, upload-time = "2026-03-06T09:24:31.843Z" },
    { url = "https://files.pythonhosted.org/packages/35/5a/76f9ee49b4bbb27ebe2d3b26ad84b6887f41d181dd8682278ccea50ed75f/selectolax-0.4.7-cp314-cp314-macosx_10_13_x86_64.whl", hash = "sha256:9f29ad4506fe84152391998ae5b05aaae80d237795567009a518496d0daf4908", size = 2078520, upload-time = "2026-03-06T09:24:33.283Z" },
    { url = "https://files.pythonhosted.org/packages/d6/7d/bcc37be0537802f8d94e61d30f4d36130afa2ae2fa59758b534e4bbe80e7/selectolax-0.4.7-cp314-cp314-macosx_11_0_arm64.whl", hash = "sha256:2f19bb52c27f526d89383ec178daa31fcb93dbec90106bfb3e2d43c2970f3b72", size = 2076219, upload-time = "2026-03-06T09:24:34.802Z" },
    { url = "https://files.pythonhosted.org/packages/1a/4c/544385da484f6a3b8ba70ea4ad15a121adb0cf2b55b74f2560b8e01f44cc/selectolax-0.4.7-cp314-cp314-manylinux2014_aarch64.manylinux_2_17_aarch64.manylinux_2_28_aarch64.whl", hash = "sha256:5a6735711f492532a83df6d501e8647feea48d893e703f0354e61ba868757f9b", size = 2255094, upload-time = "2026-03-06T09:24:36.708Z" },
    { url = "https://files.pythonhosted.org/packages/f7/e7/bbb13633f4378dbc390c874be4321fd4d09388a44b66f1c26625730030ba/selectolax-0.4.7-cp314-cp314-manylinux2014_x86_64.manylinux_2_17_x86_64.manylinux_2_28_x86_64.whl", hash = "sha256:ea46dbb3592ec0aa78662ecdcac8c083313dafbc6bd8277620b8301db658d638", size = 2289342, upload-time = "2026-03-06T09:24:38.429Z" },
    { url = "https://files.pythonhosted.org/packages/77/1b/c1fc7711ad8b1c3b60a987fa258d47cb93a8b3b9f21ca8a6aa24e5e7705c/selectolax-0.4.7-cp314-cp314-musllinux_1_2_aarch64.whl", hash = "sha256:a4782cc1e162ca422a325302cdad344cd853cfde19004b870e5b6c3df651abab", size = 2285919, upload-time = "2026-03-06T09:24:39.927Z" },
    { url = "https://files.pythonhosted.org/packages/fa/51/d5f8bc697c84bdae90c6d5fd038662d3509879c28f2076ef70fdbd0ab61a/selectolax-0.4.7-cp314-cp314-musllinux_1_2_x86_64.whl", hash = "sha256:8e7f847b38195c45f6f6c966df5d8600ab9d522df632d61b28db2edd92deeb3c", size = 2313967, upload-time = "2026-03-06T09:24:41.627Z" },
    { url = "https://files.pythonhosted.org/packages/d9/01/277d3c3fa5d3c669bf8d20bd12fcde50258408dc4bd9e3f8c5fc2d28fcd6/selectolax-0.4.7-cp314-cp314-win32.whl", hash = "sha256:eaf2e15076fa7e2e5fe7c3b5a88e54b14bbd49a53da983534f6cb448f3f0e300", size = 1846621, upload-time = "2026-03-06T09:24:43.074Z" },
    { url = "https://files.pythonhosted.org/packages/52/c6/5b4ae2b211161b597cc6bc02e517616d045a859dbfa98b2c0dd372614bf9/selectolax-0.4.7-cp314-cp314-win_amd64.whl", hash = "sha256:87bd651514491b9bdd8254e71295e43b790575021b87ebc2351ed6a2aeaa9313", size = 1943489, upload-time = "2026-03-06T09:24:45.049Z" },
    { url = "https://files.pythonhosted.org/packages/4a/c6/ab1544bbc731e653dd59dcb4f497fccbede8c84af3783c4f340ef1d6b606/selectolax-0.4.7-cp314-cp314-win_arm64.whl", hash = "sha256:771710fe52b082804d959944e3e0fe67f094ea1bf81669b4f654b957a7490d95", size = 1896489, upload-time = "2026-03-06T09:24:46.496Z" },
    { url = "https://files.pythonhosted.org/packages/83/77/59593bfd132f6af138720c09cae3f0969d3f5366e3457c5309ab9c020d92/selectolax-0.4.7-cp314-cp314t-macosx_10_13_x86_64.whl", hash = "sha256:8edbec5ad8a51cb60e6761231d88d34ed3a8158db3ae1f448aede2d146111d0f", size = 2098945, upload-time = "2026-03-06T09:24:47.935Z" },
    { url = "https://files.pythonhosted.org/packages/7d/74/90d0718b9f7898aa422ae5f9969fb43b3c5abc543cfd4eb64987aa052fe4/selectolax-0.4.7-cp314-cp314t-macosx_11_0_arm64.whl", hash = "sha256:2c275e5e5579e308a09ae77922c468a8ca63666534d00a42ebfd912f3c842a2e", size = 2098041, upload-time = "2026-03-06T09:24:49.377Z" },
    { url = "https://files.pythonhosted.org/packages/f9/bc/bbe7c98a3eb4b83e164c56a3245a272427b2d03672a18456bd96325a1929/selectolax-0.4.7-cp314-cp314t-manylinux2014_aarch64.manylinux_2_17_aarch64.manylinux_2_28_aarch64.whl", hash = "sha256:d9591ec48af16003a79db89f070688fe0fb68d2c16ac6b479b0ee8b78eb4e486", size = 2263047, upload-time = "2026-03-06T09:24:50.743Z" },
    { url = "https://files.pythonhosted.org/packages/de/0e/5929821c7f7a9c9a753feef59433ba16a0ca8e5f8f7ac0efa2dea6a84edf/selectolax-0.4.7-cp314-cp314t-manylinux2014_x86_64.manylinux_2_17_x86_64.manylinux_2_28_x86_64.whl", hash = "sha256:fc504cad873bc4e95fca9141008ccf0d5e44350dfe450b71ccee86bd0b7b0572", size = 2290751, upload-time = "2026-03-06T09:24:52.088Z" },
    { url = "https://files.pythonhosted.org/packages/34/30/3426668e83dcaf7f8fac3117140119556436e8de00de4ebbfde5bbf56d45/selectolax-0.4.7-cp314-cp314t-musllinux_1_2_aarch64.whl", hash = "sha256:64de787422ad342b35fef86e488d8b76d70fc3266cb74dfc154d4a89291c62b1", size = 2297728, upload-time = "2026-03-06T09:24:53.494Z" },
    { url = "https://files.pythonhosted.org/packages/48/a7/a1937960cf98bf3cdc32963fb3ed30ee6364cf8e4c458bba21ca8cf98308/selectolax-0.4.7-cp314-cp314t-musllinux_1_2_x86_64.whl", hash = "sha256:eb2757147ba48c2ac75ad79ad47e4b4d9e7ddb08ac614b90347cdff6b98c860b", size = 2315531, upload-time = "2026-03-06T09:24:54.929Z" },
    { url = "https://files.pythonhosted.org/packages/8a/64/1f699580093cc0582c07124137bdb78162086d7ef822dabbad2a2b051793/selectolax-0.4.7-cp314-cp314t-win32.whl", hash = "sha256:da9afa778ebce19c48de1e6fe5ff5bf7c719cd7f9cd14e5d530bd00ec15b149f", size = 1900408, upload-time = "2026-03-06T09:24:56.294Z" },
    { url = "https://files.pythonhosted.org/packages/26/df/1035432c42eb76feaf696b7318411be908dab01b5b2907566c820d390fdb/selectolax-0.4.7-cp314-cp314t-win_amd64.whl", hash = "sha256:ad71d3b31ceb49820787d19d983e2851835ad03bbfd302c6e243a97215e36557", size = 2011199, upload-time = "2026-03-06T09:24:57.736Z" },
    { url = "https://files.pythonhosted.org/packages/61/99/d4de702bdd436e108891df2105adb7c6f44a11833a88c08686b18d4a6693/selectolax-0.4.7-cp314-cp314t-win_arm64.whl", hash = "sha256:85e4ada1c4a3a69e503c9866e74bce24e716bd0ada060c7c2b56677d4f073928", size = 1915624, upload-time = "2026-03-06T09:24:59.406Z" },
]

[[package]]
name = "tghtml"
version = "2.0.1"
source = { editable = "." }
dependencies = [
    { name = "haitch" },
    { name = "nh3" },
    { name = "pylatexenc" },
    { name = "selectolax" },
]

[package.dev-dependencies]
dev = [
    { name = "tghtml" },
]

[package.metadata]
requires-dist = [
    { name = "haitch", specifier = ">=0.15.0" },
    { name = "nh3", specifier = ">=0.3.4" },
    { name = "pylatexenc", specifier = ">=2.10" },
    { name = "selectolax", specifier = ">=0.4.7" },
]

[package.metadata.requires-dev]
dev = [{ name = "tghtml", editable = "." }]

[[package]]
name = "typing-extensions"
version = "4.15.0"
source = { registry = "https://pypi.org/simple" }
sdist = { url = "https://files.pythonhosted.org/packages/72/94/1a15dd82efb362ac84269196e94cf00f187f7ed21c242792a923cdb1c61f/typing_extensions-4.15.0.tar.gz", hash = "sha256:0cea48d173cc12fa28ecabc3b837ea3cf6f38c6d1136f85cbaaf598984861466", size = 109391, upload-time = "2025-08-25T13:49:26.313Z" }
wheels = [
    { url = "https://files.pythonhosted.org/packages/18/67/36e9267722cc04a6b9f15c7f3441c2363321a3ea07da7ae0c0707beb2a9c/typing_extensions-4.15.0-py3-none-any.whl", hash = "sha256:f0fa19c6845758ab08074a0cfa8b7aecb71c999ca73d62883bc25cc018c4e548", size = 44614, upload-time = "2025-08-25T13:49:24.86Z" },
]
