version = 1
revision = 3
requires-python = ">=3.10, <4"

[[package]]
name = "haitch"
version = "0.15.0"
source = { registry = "https://pypi.org/simple" }
dependencies = [
    { name = "typing-extensions" },
]
sdist = { url = "https://files.pythonhosted.org/packages/07/cc/18e3cfe86e43a36f9e04abedd489c44445004a5678319f57c99ed2a32325/haitch-0.15.0.tar.gz", hash = "sha256:95e8b0af92d6b97757935a6508f447494a463379066ae579c248f0231d4bb1f1", size = 59247, upload-time = "2026-03-28T17:49:56.5Z" }
wheels = [
    { url = "https://files.pythonhosted.org/packages/b7/3f/3540c05c41459d7d7ef9b86bbb79bc001501c696a9f9cc73a4ecd5a21b21/haitch-0.15.0-py3-none-any.whl", hash = "sha256:d98fbd5d1732bacc627eab99cd918b11f96a0cba12d76cb18903c0c08887e9bb", size = 105859, upload-time = "2026-03-28T17:49:54.774Z" },
]

[[package]]
name = "nh3"
version = "0.3.5"
source = { registry = "https://pypi.org/simple" }
sdist = { url = "https://files.pythonhosted.org/packages/9c/5f/1d19bdc7d27238e37f3672cdc02cb77c56a4a86d140cd4f4f23c90df6e16/nh3-0.3.5.tar.gz", hash = "sha256:45855e14ff056064fec77133bfcf7cd691838168e5e17bbef075394954dc9dc8", size = 20743, upload-time = "2026-04-25T10:44:16.066Z" }
wheels = [
    { url = "https://files.pythonhosted.org/packages/63/b0/8587ac42a9627ab88e7e221601f1dfccbf4db80b2a29222ea63266dc9abc/nh3-0.3.5-cp314-cp314t-macosx_10_12_x86_64.macosx_11_0_arm64.macosx_10_12_universal2.whl", hash = "sha256:23a312224875f72cd16bde417f49071451877e29ef646a60e50fcb69407cc18a", size = 1420126, upload-time = "2026-04-25T10:43:39.834Z" },
    { url = "https://files.pythonhosted.org/packages/c0/1b/1dbc4d0c43f12e8c1784ede17eaee6f061d4fbe5505757c65c49b2ceab95/nh3-0.3.5-cp314-cp314t-manylinux_2_17_x86_64.manylinux2014_x86_64.whl", hash = "sha256:387abd011e81959d5a35151a11350a0795c6edeb53ebfa02d2e882dc01299263", size = 793943, upload-time = "2026-04-25T10:43:41.363Z" },
    { url = "https://files.pythonhosted.org/packages/47/9f/d6758d7a14ee964bf439cc35ae4fa24a763a93399c8ef6f22bd11d532d29/nh3-0.3.5-cp314-cp314t-manylinux_2_5_i686.manylinux1_i686.whl", hash = "sha256:48f45e3e914be93a596431aa143dedf1582557bf41a58153c296048d6e3798c9", size = 841150, upload-time = "2026-04-25T10:43:43.007Z" },
    { url = "https://files.pythonhosted.org/packages/b6/36/d5d1ae8374612c98f390e1ea7c610fa6c9716259a03bbf4d15b269f40073/nh3-0.3.5-cp314-cp314t-musllinux_1_2_aarch64.whl", hash = "sha256:0a09f51806fd51b4fedbf9ea2b61fef388f19aef0d62fe51199d41648be14588", size = 1008415, upload-time = "2026-04-25T10:43:44.324Z" },
    { url = "https://files.pythonhosted.org/packages/ba/8f/d13a9c3fd2d9c131a2a281737380e9379eb0f8c33fea24c2b923aaafbb15/nh3-0.3.5-cp314-cp314t-musllinux_1_2_armv7l.whl", hash = "sha256:c357f1d042c67f135a5e6babb2b0e3b9d9224ff4a3543240f597767b01384ffd", size = 1092706, upload-time = "2026-04-25T10:43:45.653Z" },
    { url = "https://files.pythonhosted.org/packages/bb/57/2f3add7f8680fcc896afa6a675cb2bab09982853ee8af40bad621f6b61c4/nh3-0.3.5-cp314-cp314t-musllinux_1_2_i686.whl", hash = "sha256:38748140bf76383ab7ce2dce0ad4cb663855d8fbc9098f7f3483673d09616a17", size = 1048346, upload-time = "2026-04-25T10:43:46.974Z" },
    { url = "https://files.pythonhosted.org/packages/c1/c3/2f9e4ffa82863074d1361bfe949bc46393d91b3411579dfbbd090b24cac5/nh3-0.3.5-cp314-cp314t-musllinux_1_2_x86_64.whl", hash = "sha256:84bdeb082544fbcb77a12c034dd77d7da0556fdc0727b787eb6214b958c15e29", size = 1029038, upload-time = "2026-04-25T10:43:48.569Z" },
    { url = "https://files.pythonhosted.org/packages/e8/10/2804deb3f3315184c9cae41702e293c87524b5a21f766b07d7fe3ffbcfbb/nh3-0.3.5-cp314-cp314t-win32.whl", hash = "sha256:c3aae321f67ae66cff2a627115f106a377d4475d10b0e13d97959a13486b9a88", size = 603263, upload-time = "2026-04-25T10:43:49.851Z" },
    { url = "https://files.pythonhosted.org/packages/eb/a2/f6685248b49f7548fc9a8c335ab3a52f68610b72e8a61576447151e4e2e6/nh3-0.3.5-cp314-cp314t-win_amd64.whl", hash = "sha256:c88605d8d468f7fc1b31e06129bc91d6c96f6c621776c9b504a0da9beac9df5f", size = 616866, upload-time = "2026-04-25T10:43:51.005Z" },
    { url = "https://files.pythonhosted.org/packages/ca/b6/d8c9018635d4acfefde6b68470daa510eed715a350cbaa2f928ba0609f81/nh3-0.3.5-cp314-cp314t-win_arm64.whl", hash = "sha256:72c5bdedec27fa33de6a5326346ea8aa3fe54f6ac294d54c4b204fb66a9f1e79", size = 602566, upload-time = "2026-04-25T10:43:52.283Z" },
    { url = "https://files.pythonhosted.org/packages/85/30/d162e99746a2fb1d98bb0ef23af3e201b156cf09f7de867c7390c8fe1c06/nh3-0.3.5-cp38-abi3-macosx_10_12_x86_64.macosx_11_0_arm64.macosx_10_12_universal2.whl", hash = "sha256:3bb854485c9b33e5bb143ff3e49e577073bc6bc320f0ff8fc316dd89c0d3c101", size = 1442393, upload-time = "2026-04-25T10:43:53.556Z" },
    { url = "https://files.pythonhosted.org/packages/25/8c/072120d506978ab053e1732d0efa7c86cb478fee0ee098fda0ac0d31cb34/nh3-0.3.5-cp38-abi3-manylinux_2_17_aarch64.manylinux2014_aarch64.whl", hash = "sha256:50d401ab2d8e86d59e2126e3ab2a2f45840c405842b626d9a51624b3a33b6878", size = 837722, upload-time = "2026-04-25T10:43:55.073Z" },
    { url = "https://files.pythonhosted.org/packages/52/86/d4e06e28c5ad1c4b065f89737d02631bd49f1660b6ebcf17a87ffcd201da/nh3-0.3.5-cp38-abi3-manylinux_2_17_armv7l.manylinux2014_armv7l.whl", hash = "sha256:acfd354e61accbe4c74f8017c6e397a776916dfe47c48643cf7fd84ade826f93", size = 822872, upload-time = "2026-04-25T10:43:56.581Z" },
    { url = "https://files.pythonhosted.org/packages/0a/62/50659255213f241ec5797ae7427464c969397373e83b3659372b341ae869/nh3-0.3.5-cp38-abi3-manylinux_2_17_ppc64.manylinux2014_ppc64.whl", hash = "sha256:52d877980d7ca01dc3baf3936bf844828bc6f332962227a684ed79c18cce14c3", size = 1100031, upload-time = "2026-04-25T10:43:58.098Z" },
    { url = "https://files.pythonhosted.org/packages/00/7a/a12ae77593b2fcf3be25df7bc1c01967d0de448bdb4b6c7ec80fe4f5a74f/nh3-0.3.5-cp38-abi3-manylinux_2_17_ppc64le.manylinux2014_ppc64le.whl", hash = "sha256:207c01801d3e9bb8ec08f08689346bdd30ce15b8bf60013a925d08b5388962a4", size = 1057669, upload-time = "2026-04-25T10:43:59.328Z" },
    { url = "https://files.pythonhosted.org/packages/2d/71/5647dc04c0233192a3956fc91708822b21403a06508cacf78083c68e7bf0/nh3-0.3.5-cp38-abi3-manylinux_2_17_s390x.manylinux2014_s390x.whl", hash = "sha256:ea232933394d1d58bf7c4bb348dc4660eae6604e1ae81cd2ba6d9ed80d390f3b", size = 914795, upload-time = "2026-04-25T10:44:00.52Z" },
    { url = "https://files.pythonhosted.org/packages/1b/0e/bf298920729f216adcb002acf7ea01b90842603d2e4e2ce9b900d9ee8fab/nh3-0.3.5-cp38-abi3-manylinux_2_17_x86_64.manylinux2014_x86_64.whl", hash = "sha256:fe3a787dc76b50de6bee54ef242f26c41dfe47654428e3e94f0fae5bb6dd2cc1", size = 806976, upload-time = "2026-04-25T10:44:01.743Z" },
    { url = "https://files.pythonhosted.org/packages/85/01/26761e1dc2b848e65a62c19e5d39ad446283287cd4afddc89f364ab86bc9/nh3-0.3.5-cp38-abi3-manylinux_2_31_riscv64.whl", hash = "sha256:488928988caad25ba14b1eb5bc74e25e21f3b5e40341d956f3ce4a8bc19460dc", size = 834904, upload-time = "2026-04-25T10:44:03.454Z" },
    { url = "https://files.pythonhosted.org/packages/33/53/0766113e679540ac1edc1b82b1295aecd321eeb75d6fead70109a838b6ee/nh3-0.3.5-cp38-abi3-manylinux_2_5_i686.manylinux1_i686.whl", hash = "sha256:2c069570b06aa848457713ad7af4a9905691291548c4466a9ad78ee95808382b", size = 857159, upload-time = "2026-04-25T10:44:05.003Z" },
    { url = "https://files.pythonhosted.org/packages/58/36/734d353dfaf292fed574b8b3092f0ef79dc6404f3879f7faaa61a4701fad/nh3-0.3.5-cp38-abi3-musllinux_1_2_aarch64.whl", hash = "sha256:eeedc90ed8c42c327e8e10e621ccfa314fc6cce35d5929f4297ff1cdb89667c4", size = 1018600, upload-time = "2026-04-25T10:44:06.18Z" },
    { url = "https://files.pythonhosted.org/packages/6b/aa/d9c59c1b49669fcb7bababa55df82385f029ad5c2651f583c3a1141cfdd1/nh3-0.3.5-cp38-abi3-musllinux_1_2_armv7l.whl", hash = "sha256:de8e8621853b6470fe928c684ee0d3f39ea8086cebafe4c416486488dea7b68d", size = 1103530, upload-time = "2026-04-25T10:44:07.68Z" },
    { url = "https://files.pythonhosted.org/packages/90/b0/cdd210bfb8d9d43fb02fc3c868336b9955934d8e15e66eb1d15a147b8af0/nh3-0.3.5-cp38-abi3-musllinux_1_2_i686.whl", hash = "sha256:6ea58cc44d274c643b83547ca9654a0b1a817609b160601356f76a2b744c49ad", size = 1061754, upload-time = "2026-04-25T10:44:09.362Z" },
    { url = "https://files.pythonhosted.org/packages/ce/cb/7a39e72e668c8445bdd95e494b3e21cfdddc68329be8ea3522c8befb46c4/nh3-0.3.5-cp38-abi3-musllinux_1_2_x86_64.whl", hash = "sha256:e49c9b564e6bcb03ecd2f057213df9a0de15a95812ac9db9600b590db23d3ae9", size = 1040938, upload-time = "2026-04-25T10:44:10.775Z" },
    { url = "https://files.pythonhosted.org/packages/af/4c/fc2f9ed208a3801a319f59b5fea03cdc20cf3bd8af14be930d3a8de01224/nh3-0.3.5-cp38-abi3-win32.whl", hash = "sha256:559e4c73b689e9a7aa97ac9760b1bc488038d7c1a575aa4ab5a0e19ee9630c0f", size = 611445, upload-time = "2026-04-25T10:44:12.317Z" },
    { url = "https://files.pythonhosted.org/packages/db/1a/e4c9b5e2ae13e6092c9ec16d8ca30646cb01fcdea245f36c5b08fd21fbd5/nh3-0.3.5-cp38-abi3-win_amd64.whl", hash = "sha256:45e6a65dc88a300a2e3502cb9c8e6d1d6b831d6fba7470643333609c6aab1f30", size = 626502, upload-time = "2026-04-25T10:44:13.682Z" },
    { url = "https://files.pythonhosted.org/packages/80/7c/19cd0671d1ba2762fb388fc149697d20d0568ccfeef833b11280a619e526/nh3-0.3.5-cp38-abi3-win_arm64.whl", hash = "sha256:8f85285700a18e9f3fc5bff41fe573fa84f81542ef13b48a89f9fecca0474d3b", size = 611069, upload-time = "2026-04-25T10:44:14.934Z" },
]

[[package]]
name = "pylatexenc"
version = "2.10"
source = { registry = "https://pypi.org/simple" }
sdist = { url = "https://files.pythonhosted.org/packages/5d/ab/34ec41718af73c00119d0351b7a2531d2ebddb51833a36448fc7b862be60/pylatexenc-2.10.tar.gz", hash = "sha256:3dd8fd84eb46dc30bee1e23eaab8d8fb5a7f507347b23e5f38ad9675c84f40d3", size = 162597, upload-time = "2021-04-06T07:56:07.854Z" }

[[package]]
name = "selectolax"
version = "0.4.10"
source = { registry = "https://pypi.org/simple" }
sdist = { url = "https://files.pythonhosted.org/packages/47/df/d19f9b47eb6c1aa0ddf95259c757c018c39682facb569e81c23e173bbf35/selectolax-0.4.10.tar.gz", hash = "sha256:89764b4d1e32d38e635dfb270a639fc707af4315b863fd161357a517321e5046", size = 4880217, upload-time = "2026-05-26T15:43:06.411Z" }
wheels = [
    { url = "https://files.pythonhosted.org/packages/46/59/442ebebf0d18e0f873101956a8dbe441752f758289c1a780503c6008893f/selectolax-0.4.10-cp310-cp310-macosx_10_9_x86_64.whl", hash = "sha256:b8cc9177f9200687a24ade718f49cff09738add8eea5230445937dc6de322e1b", size = 2210999, upload-time = "2026-05-26T15:41:23.981Z" },
    { url = "https://files.pythonhosted.org/packages/82/1d/4591bf79e2e50d91373330fa28af995453e4f93032b81a4f019c2299c7da/selectolax-0.4.10-cp310-cp310-macosx_11_0_arm64.whl", hash = "sha256:4d06ddf24ebcddead2c5a2ed96607f46651db899b8f331a16481d88a91d5c9af", size = 2263622, upload-time = "2026-05-26T15:41:26.229Z" },
    { url = "https://files.pythonhosted.org/packages/61/00/53d8f7c60dac83744eb7dba53517675c9988ff93bf1ffa745a7bd06acf7f/selectolax-0.4.10-cp310-cp310-manylinux2014_aarch64.manylinux_2_17_aarch64.manylinux_2_28_aarch64.whl", hash = "sha256:c8fc8fc6b8597eb724b647757417080f1ba042eb6098a702d55cc8ab1eca6367", size = 2344526, upload-time = "2026-05-26T15:41:27.618Z" },
    { url = "https://files.pythonhosted.org/packages/52/82/4254fd5cdb78075f1e32d145b2dc286ed4ba42a94e24672fabc5998281a0/selectolax-0.4.10-cp310-cp310-manylinux2014_x86_64.manylinux_2_17_x86_64.manylinux_2_28_x86_64.whl", hash = "sha256:cd436b0143edb5e1c4f126eeb4647344bedaab9e2a379eddb528ffac33c7adad", size = 2394529, upload-time = "2026-05-26T15:41:29.193Z" },
    { url = "https://files.pythonhosted.org/packages/53/86/5eb10718d3100ee961e2b8624681d1d65741c6a8a38de61f0b57cfbf5b32/selectolax-0.4.10-cp310-cp310-musllinux_1_2_aarch64.whl", hash = "sha256:529333e1d855a0ad3b9414b5a798bb5686f584cb868f1183bb5ec9f3cb5fec4d", size = 2348589, upload-time = "2026-05-26T15:41:30.582Z" },
    { url = "https://files.pythonhosted.org/packages/df/f4/676db73dc3273dc0a10da6c9fde7ac3daa610a7a0c46fa84c89f58906616/selectolax-0.4.10-cp310-cp310-musllinux_1_2_x86_64.whl", hash = "sha256:0770275c24b900410eab4b08dd2e6ca8508bbe1d1880bfaf7f17123ad8889242", size = 2404267, upload-time = "2026-05-26T15:41:32.278Z" },
    { url = "https://files.pythonhosted.org/packages/18/3c/a507ecb4ff757387cc18c0600a5d282c43671b53e705db6d8574ab09249d/selectolax-0.4.10-cp310-cp310-win32.whl", hash = "sha256:3608997f2ef5f1ba80d26da784604335229deeae66e37d67122b48ef2436bf6b", size = 1769573, upload-time = "2026-05-26T15:41:33.959Z" },
    { url = "https://files.pythonhosted.org/packages/90/94/a0c9ffed6816467213783132621c4530520ad17a264b2acb69f5c38341d6/selectolax-0.4.10-cp310-cp310-win_amd64.whl", hash = "sha256:fb27937417ca7e60a5b408e1deb6fe9af691ba16d962101e9cb1e73aeefc1802", size = 1864428, upload-time = "2026-05-26T15:41:36.207Z" },
    { url = "https://files.pythonhosted.org/packages/bd/e5/d9ffa0b10d0414f820760ab599a0f2ab5dab2bcfa15cb61d81c7044a8323/selectolax-0.4.10-cp310-cp310-win_arm64.whl", hash = "sha256:d9c5b4a32e33359bc6919fd9f3259d2ba51c04b8aa5b25e91611d94d4a503020", size = 1816721, upload-time = "2026-05-26T15:41:38.027Z" },
    { url = "https://files.pythonhosted.org/packages/63/34/cee18c79edc4268b679ff7af60c58918f2c8279de7715998c81ff4f39eff/selectolax-0.4.10-cp311-cp311-macosx_10_9_x86_64.whl", hash = "sha256:b65ce508ed7f3951a2f36f807494c253d0ebe99d2b18ede149f9a97b99be7d7a", size = 2216148, upload-time = "2026-05-26T15:41:39.522Z" },
    { url = "https://files.pythonhosted.org/packages/8a/29/60ddd1570386ea2e13683848b7d21ffbd1d41c921cb88df20cd10fd6679d/selectolax-0.4.10-cp311-cp311-macosx_11_0_arm64.whl", hash = "sha256:c1bb382bd7009676716814ee81327015ab3d472aff0148fccbd20322d37af83d", size = 2270171, upload-time = "2026-05-26T15:41:40.929Z" },
    { url = "https://files.pythonhosted.org/packages/41/e7/7bef2f76dfd0d270899277d07d7418df82623f1985d570f73ad0a0b963a9/selectolax-0.4.10-cp311-cp311-manylinux2014_aarch64.manylinux_2_17_aarch64.manylinux_2_28_aarch64.whl", hash = "sha256:48c238f4f2b4ebd3d94ec260363d2bbab7df2825b592a1f9b12d59a9a9e9ee9a", size = 2347593, upload-time = "2026-05-26T15:41:42.391Z" },
    { url = "https://files.pythonhosted.org/packages/5b/f5/fdb59ef99828ee43e2792507bd67f7d5dfd844dbb1ac6512698e16fa8add/selectolax-0.4.10-cp311-cp311-manylinux2014_x86_64.manylinux_2_17_x86_64.manylinux_2_28_x86_64.whl", hash = "sha256:975bf1199c80965307168a05c4d88312a62b8151ac27216ed1248fbd175695bb", size = 2399514, upload-time = "2026-05-26T15:41:44.151Z" },
    { url = "https://files.pythonhosted.org/packages/6e/03/46ed77c44e877278723c31ce8fac7942a6909d46a4d50c87cd6d685b21ce/selectolax-0.4.10-cp311-cp311-musllinux_1_2_aarch64.whl", hash = "sha256:8c74168deeb116a1271e74e7a157e329930b7f54e328b323ce00bf7089f39dc9", size = 2352416, upload-time = "2026-05-26T15:41:45.56Z" },
    { url = "https://files.pythonhosted.org/packages/c7/80/cb89e578a53cf51674c9083e3a9518a45bf5b8af56309cc1fa63cc007703/selectolax-0.4.10-cp311-cp311-musllinux_1_2_x86_64.whl", hash = "sha256:547de570413e22ae5cbc8432d6224dd5a2d5bc66d1a50e34b705e5940d035caa", size = 2409794, upload-time = "2026-05-26T15:41:47.374Z" },
    { url = "https://files.pythonhosted.org/packages/06/af/5346ac7a2053a502687b136c836c0902d0570398e8f71d73182492a3863b/selectolax-0.4.10-cp311-cp311-win32.whl", hash = "sha256:e053064c5e00788a6bcc5427a753e41c058f29e4285bf84a3e663989b7218cdb", size = 1768531, upload-time = "2026-05-26T15:41:49.111Z" },
    { url = "https://files.pythonhosted.org/packages/81/8c/ae5b0f04d1e39bc212f3a3e1cf308a8c5f117f03cd3c089b6a04e8d8fbc7/selectolax-0.4.10-cp311-cp311-win_amd64.whl", hash = "sha256:db236a92e49b27369a98b9e8ac6c97e1534368d83281d097f3e50c2ba597f112", size = 1865401, upload-time = "2026-05-26T15:41:50.695Z" },
    { url = "https://files.pythonhosted.org/packages/cf/b5/7eb96a229cbdd7773c223c7ecfd0b0eead78b330218c6768179ab5daa2d1/selectolax-0.4.10-cp311-cp311-win_arm64.whl", hash = "sha256:746838a34df35ceff5f6154991b09aa6c27f044dc1fe9a4137f8c57e3e9f1203", size = 1816391, upload-time = "2026-05-26T15:41:52.135Z" },
    { url = "https://files.pythonhosted.org/packages/33/26/a7966a2e2667463717c71903851b4c8a434afd3b592e8528bc87efa1cb1e/selectolax-0.4.10-cp312-cp312-macosx_10_13_x86_64.whl", hash = "sha256:c1933f53fe7410777b3373b9900010ae8d392a6d245f019d8f011d12f700e389", size = 2241715, upload-time = "2026-05-26T15:41:53.81Z" },
    { url = "https://files.pythonhosted.org/packages/76/55/0181dfa3cdec4c5db9868ca489fc50b5521a74c1847a0628db6e08bd3359/selectolax-0.4.10-cp312-cp312-macosx_11_0_arm64.whl", hash = "sha256:40babac4aea579edfb32b74acdacdb4c38bacb1ee3d1c4189f9665c52c67586f", size = 2292823, upload-time = "2026-05-26T15:41:55.692Z" },
    { url = "https://files.pythonhosted.org/packages/47/95/6d821c8de1bcc8be380c4f9efc6688a433796a5c18809b77219e9616a918/selectolax-0.4.10-cp312-cp312-manylinux2014_aarch64.manylinux_2_17_aarch64.manylinux_2_28_aarch64.whl", hash = "sha256:4d41b7e95ab0e025053efcba71267af12a6c12bc624e3bdf5dd83c6534f3d696", size = 2375082, upload-time = "2026-05-26T15:41:57.243Z" },
    { url = "https://files.pythonhosted.org/packages/2e/c5/23903b34869f6721c36a46b8231da202b7af729f6e28b54fbb06f59e5195/selectolax-0.4.10-cp312-cp312-manylinux2014_x86_64.manylinux_2_17_x86_64.manylinux_2_28_x86_64.whl", hash = "sha256:98e41ac4a761c5d4589ce9c40866a80fa2c5d413ac6b3af9546b43a2b3a8da18", size = 2422073, upload-time = "2026-05-26T15:41:58.667Z" },
    { url = "https://files.pythonhosted.org/packages/23/f3/85f1ac82944254822d7bc8b20bae674d9bb4fb93fd3e101f6f807c7f075c/selectolax-0.4.10-cp312-cp312-musllinux_1_2_aarch64.whl", hash = "sha256:425288d4f5b18cfb0049fd1d6f3bddfba319657b9547b0e2bd24103b4b69435e", size = 2379122, upload-time = "2026-05-26T15:42:00.089Z" },
    { url = "https://files.pythonhosted.org/packages/47/61/c4e8aa47d25245644cc0ce60ea2eb922f501ccea8f642ba01c5d551e8959/selectolax-0.4.10-cp312-cp312-musllinux_1_2_x86_64.whl", hash = "sha256:1ff2585eaf13ddc5c6614b10a7e47679b0c18a78821495e0c448364f8871592e", size = 2441931, upload-time = "2026-05-26T15:42:01.522Z" },
    { url = "https://files.pythonhosted.org/packages/67/73/05eda9364c5f1053f166648a1e69c546e53af0e01901a2f218b32c2a7010/selectolax-0.4.10-cp312-cp312-win32.whl", hash = "sha256:2428f04d2a48ba5f4c182f0d7234a7e38ac799b3358b3063f0ae41f754ee1c4a", size = 1763584, upload-time = "2026-05-26T15:42:03.055Z" },
    { url = "https://files.pythonhosted.org/packages/10/66/abcf20676cd05eeefef58f6644855216575ae3988b719e914d359ffa3104/selectolax-0.4.10-cp312-cp312-win_amd64.whl", hash = "sha256:c4b4b7c5d09a20539d369891332a107a869ee170453254048fbc18f893deb4f9", size = 1859909, upload-time = "2026-05-26T15:42:04.843Z" },
    { url = "https://files.pythonhosted.org/packages/fc/a5/6a84520df37873cbc08af4fd8a719a495d5971a7c370c2ed8512e8391935/selectolax-0.4.10-cp312-cp312-win_arm64.whl", hash = "sha256:98f93b92d23a8feb88efc7c8e692221456bae30dc551d86d376931491152b909", size = 1810017, upload-time = "2026-05-26T15:42:06.561Z" },
    { url = "https://files.pythonhosted.org/packages/37/88/f932da5e018dcec1fa4286414db4798afdd244fbf95a46ac79db018318e1/selectolax-0.4.10-cp313-cp313-macosx_10_13_x86_64.whl", hash = "sha256:3236fc0fbea9e237ee963274ebae700e68b9d6784bf91e0b3693eda63b393fa2", size = 2241128, upload-time = "2026-05-26T15:42:08.34Z" },
    { url = "https://files.pythonhosted.org/packages/9a/10/0a2caaceda0c6cf226fe5e43f6d7b9134207cf61642bed651712c7599646/selectolax-0.4.10-cp313-cp313-macosx_11_0_arm64.whl", hash = "sha256:b43da45acece07f94e4b0d555e073f1a91314c98cb86d10860a1b291bc498976", size = 2291992, upload-time = "2026-05-26T15:42:09.723Z" },
    { url = "https://files.pythonhosted.org/packages/fb/d5/687dfb8c09110a5986a4f3f8e424b61c0f71716c5784077b76f02e4e81d7/selectolax-0.4.10-cp313-cp313-manylinux2014_aarch64.manylinux_2_17_aarch64.manylinux_2_28_aarch64.whl", hash = "sha256:a5c80477a3a93f0ee350d832c6fc764cd2df1299914a816bcd5ed4f0c9701b9b", size = 2374518, upload-time = "2026-05-26T15:42:11.201Z" },
    { url = "https://files.pythonhosted.org/packages/64/44/ac6011d2785f643baf3be4b8910e657e71427d37e41a15a513274b794425/selectolax-0.4.10-cp313-cp313-manylinux2014_x86_64.manylinux_2_17_x86_64.manylinux_2_28_x86_64.whl", hash = "sha256:16055f712bd93507ce61ecac156bb7acf96b2e46c4d4d30c616e810f74f4da6e", size = 2421458, upload-time = "2026-05-26T15:42:12.656Z" },
    { url = "https://files.pythonhosted.org/packages/e6/fa/0cd29c8a629fe890a53ef2db9cf9282dffad9f4d0cf9a41553a87058f82c/selectolax-0.4.10-cp313-cp313-musllinux_1_2_aarch64.whl", hash = "sha256:d42566a7e649d4e5461e763a241f46542df2613876422e0530bc59999063f36d", size = 2378999, upload-time = "2026-05-26T15:42:14.011Z" },
    { url = "https://files.pythonhosted.org/packages/fd/d0/3f9ba04dba314c2f3237aca73e5b6c9578d693297bc0c91b2224d48b2455/selectolax-0.4.10-cp313-cp313-musllinux_1_2_x86_64.whl", hash = "sha256:6517b40e41ae5cc7756f92d88c59f178eb4a3683c7ce39c66bd5617587f628e5", size = 2441425, upload-time = "2026-05-26T15:42:15.66Z" },
    { url = "https://files.pythonhosted.org/packages/34/f3/83e49b1b8dd68d4844a85930a6d68cbf14636be222cda03229833b8326be/selectolax-0.4.10-cp313-cp313-win32.whl", hash = "sha256:7c596b424c55ae87003140f55e6aa6f88e060b645781fa69e947ef60691b2bde", size = 1763466, upload-time = "2026-05-26T15:42:17.674Z" },
    { url = "https://files.pythonhosted.org/packages/16/6b/e77507d5aa7d5724c94333fa229694e108c0a4ca88a1c39ea9ae9ed7afc3/selectolax-0.4.10-cp313-cp313-win_amd64.whl", hash = "sha256:1bb589f6ed0f1ec28784c2cd29de111a5b6f8129c3ecf0e71b9665e588667b97", size = 1861934, upload-time = "2026-05-26T15:42:19.194Z" },
    { url = "https://files.pythonhosted.org/packages/23/69/7e31bb9427fee2d7506d20da60257ec3f72c278c176dbf47b7e0c494d521/selectolax-0.4.10-cp313-cp313-win_arm64.whl", hash = "sha256:ec333fe02c4b7d8a03c0aa58c7c2265edd3312b1ef309f03efd020f595f6dae1", size = 1810021, upload-time = "2026-05-26T15:42:21.185Z" },
    { url = "https://files.pythonhosted.org/packages/5f/21/e48766fb5f921d4a84456a87135a0605d72678753b912be3fd25344f104d/selectolax-0.4.10-cp314-cp314-macosx_10_13_x86_64.whl", hash = "sha256:a95f67ed9d5947562e9268332cc7165660c7db0cd3faea959e13b6901b4d323f", size = 2256784, upload-time = "2026-05-26T15:42:22.946Z" },
    { url = "https://files.pythonhosted.org/packages/df/a5/121f398a2ff01a5947b5601ed16f99e29771dbc21b23b18c8f4527f99a40/selectolax-0.4.10-cp314-cp314-macosx_11_0_arm64.whl", hash = "sha256:01c1354b158f8c87b72ab50a12b4b6d7b276150ded39210d1078d65d1e24ae0d", size = 2308754, upload-time = "2026-05-26T15:42:24.897Z" },
    { url = "https://files.pythonhosted.org/packages/5b/65/3cef0d30585e22c808bc09848e318ccf30b3d00a9123e66ec3d5eb5e5899/selectolax-0.4.10-cp314-cp314-manylinux2014_aarch64.manylinux_2_17_aarch64.manylinux_2_28_aarch64.whl", hash = "sha256:d60cabbf1899916a6389fa36f2908b1a76e00dd044f710ae3dd2d0b14919dfc7", size = 2374320, upload-time = "2026-05-26T15:42:26.771Z" },
    { url = "https://files.pythonhosted.org/packages/4c/63/99e3598c137d638ff67aba0b53d99649e560c04230c838776328be98fd64/selectolax-0.4.10-cp314-cp314-manylinux2014_x86_64.manylinux_2_17_x86_64.manylinux_2_28_x86_64.whl", hash = "sha256:ab8f95b196b2dfb2be3ea7274673d45bb251ec2e16a0e7a3c1fc21c1c20d0722", size = 2420463, upload-time = "2026-05-26T15:42:28.328Z" },
    { url = "https://files.pythonhosted.org/packages/b3/a9/c17ed28a06b6f9214845719c8fd73edfa21013cd03da31ce9a2d83951259/selectolax-0.4.10-cp314-cp314-musllinux_1_2_aarch64.whl", hash = "sha256:a96d59ba2a8ba01e4f732913816f5684d30d0646b7cd0fa17377fc9d1032cc0d", size = 2395397, upload-time = "2026-05-26T15:42:29.774Z" },
    { url = "https://files.pythonhosted.org/packages/14/60/b1bd8724aa041b233a32d9eba3135fd7d4f285b1f216c39b5ba7263680d4/selectolax-0.4.10-cp314-cp314-musllinux_1_2_x86_64.whl", hash = "sha256:794a10f0c2cb9662ad85c5a970a72ca072057d68f7f0b3cf7b3230e5f2a8f221", size = 2458486, upload-time = "2026-05-26T15:42:31.592Z" },
    { url = "https://files.pythonhosted.org/packages/04/7d/a964ceb566a6042170bbb42bd4f22117a13afe15db285c0ab858477c5963/selectolax-0.4.10-cp314-cp314-win32.whl", hash = "sha256:5d5b5437ce7548e7bc0b7712114de07dd0e4f94a30b06c968a6344148621df50", size = 1875157, upload-time = "2026-05-26T15:42:32.959Z" },
    { url = "https://files.pythonhosted.org/packages/7b/e1/0a1f9004a48d1229d90ea42efcd9093688c3afc852c2d122245c499e5821/selectolax-0.4.10-cp314-cp314-win_amd64.whl", hash = "sha256:ab07fc342cf477c0320d22fac52917b824871caf5ab177a0fd94377a901ab657", size = 1970092, upload-time = "2026-05-26T15:42:34.325Z" },
    { url = "https://files.pythonhosted.org/packages/f4/71/1a1d8196ffa9fc84c64a66294ef1ecdbb9951c7a04b9bb6c6d224d776712/selectolax-0.4.10-cp314-cp314-win_arm64.whl", hash = "sha256:8b57c64690e3c86b5d07386e2e598f4d3b4990144b1d5717db7038d0b675a97e", size = 1920951, upload-time = "2026-05-26T15:42:35.627Z" },
    { url = "https://files.pythonhosted.org/packages/0a/9b/74df013d85601d21c5e79682576ead17abe660ffce39a6fb7c300494f829/selectolax-0.4.10-cp314-cp314t-macosx_10_13_x86_64.whl", hash = "sha256:3c21749e3d252419581160f3a3e43c1ad95dd0f83a13fe0d8c8fe6256bf7bbe6", size = 2272452, upload-time = "2026-05-26T15:42:37.379Z" },
    { url = "https://files.pythonhosted.org/packages/9f/a4/c4f94d1ae0d3da58a3dc410d0c59a8e37429c74b38287a2ab0ed0480123d/selectolax-0.4.10-cp314-cp314t-macosx_11_0_arm64.whl", hash = "sha256:88475ef523fe5426d113e8319eeb741806a51cc025840f337661734c65cf1aa4", size = 2318066, upload-time = "2026-05-26T15:42:39.203Z" },
    { url = "https://files.pythonhosted.org/packages/b5/9e/f977b33c18e8957fca9fcbdf445e5501a7dd1afd57b3fc15d07de249e6fc/selectolax-0.4.10-cp314-cp314t-manylinux2014_aarch64.manylinux_2_17_aarch64.manylinux_2_28_aarch64.whl", hash = "sha256:40ecd0ff315dffa4a55840107367b0a54f2cd35be66e700c619364e0cd087ace", size = 2379516, upload-time = "2026-05-26T15:42:40.8Z" },
    { url = "https://files.pythonhosted.org/packages/43/4a/3f086f729dd47423719e5101f64342bd637e4420b0dafb3e5df61a9b37c8/selectolax-0.4.10-cp314-cp314t-manylinux2014_x86_64.manylinux_2_17_x86_64.manylinux_2_28_x86_64.whl", hash = "sha256:b3d199a73894368b83e5d744f64bddf80c22a37c160253a8e81c1a6000be607b", size = 2430207, upload-time = "2026-05-26T15:42:42.751Z" },
    { url = "https://files.pythonhosted.org/packages/84/9d/51a5283bb95c679448bc5d3e1da9a00ebd5e3ad983e2247d1a1190ef3ba6/selectolax-0.4.10-cp314-cp314t-musllinux_1_2_aarch64.whl", hash = "sha256:4b0e1ad8b3d3d11bc173d33bb0fcf9d3ef8c667f1f3debd31ac8e9e3880ee174", size = 2404374, upload-time = "2026-05-26T15:42:44.835Z" },
    { url = "https://files.pythonhosted.org/packages/b4/2b/39cc5599b5531423a4eb68510a395baf8ce8ba9c3655dd86e7b4bc6140ba/selectolax-0.4.10-cp314-cp314t-musllinux_1_2_x86_64.whl", hash = "sha256:373298d5c2e22a73740ba8f60a5813fd6bdb8fa2c0fd170841341ad0119bdf6b", size = 2466741, upload-time = "2026-05-26T15:42:46.492Z" },
    { url = "https://files.pythonhosted.org/packages/fb/7f/b20bb6b03b5cf8e9ff6d524796942291d9157ccfcdbf6bcc5fc322fd2d2b/selectolax-0.4.10-cp314-cp314t-win32.whl", hash = "sha256:67f826152635521e1751665e315f3be82d027fe79d6446bf8434e0f7069e55db", size = 1923995, upload-time = "2026-05-26T15:42:48.041Z" },
    { url = "https://files.pythonhosted.org/packages/5b/e5/8fbe188c6c2aa41e10bd83b46e0498b60ed36584f9ce0a7796ca7f7cd34e/selectolax-0.4.10-cp314-cp314t-win_amd64.whl", hash = "sha256:9c4c9afbd28b81892806e9699ecd323656e1eff7318c1245e80cd6bb78566a99", size = 2039696, upload-time = "2026-05-26T15:42:49.456Z" },
    { url = "https://files.pythonhosted.org/packages/1b/02/e511474facfd324529509626097f981986b7adc935fb4eb436c0812c540f/selectolax-0.4.10-cp314-cp314t-win_arm64.whl", hash = "sha256:68e1ef717b47f5cdcd1b151b2176d7184c38cb3772f8964509979840575203ef", size = 1944297, upload-time = "2026-05-26T15:42:50.906Z" },
]

[[package]]
name = "tghtml"
version = "2.0.2"
source = { editable = "." }
dependencies = [
    { name = "haitch" },
    { name = "nh3" },
    { name = "pylatexenc" },
    { name = "selectolax" },
]

[package.dev-dependencies]
dev = [
    { name = "tghtml" },
]

[package.metadata]
requires-dist = [
    { name = "haitch", specifier = ">=0.15.0" },
    { name = "nh3", specifier = ">=0.3.4" },
    { name = "pylatexenc", specifier = ">=2.10" },
    { name = "selectolax", specifier = ">=0.4.7" },
]

[package.metadata.requires-dev]
dev = [{ name = "tghtml", editable = "." }]

[[package]]
name = "typing-extensions"
version = "4.15.0"
source = { registry = "https://pypi.org/simple" }
sdist = { url = "https://files.pythonhosted.org/packages/72/94/1a15dd82efb362ac84269196e94cf00f187f7ed21c242792a923cdb1c61f/typing_extensions-4.15.0.tar.gz", hash = "sha256:0cea48d173cc12fa28ecabc3b837ea3cf6f38c6d1136f85cbaaf598984861466", size = 109391, upload-time = "2025-08-25T13:49:26.313Z" }
wheels = [
    { url = "https://files.pythonhosted.org/packages/18/67/36e9267722cc04a6b9f15c7f3441c2363321a3ea07da7ae0c0707beb2a9c/typing_extensions-4.15.0-py3-none-any.whl", hash = "sha256:f0fa19c6845758ab08074a0cfa8b7aecb71c999ca73d62883bc25cc018c4e548", size = 44614, upload-time = "2025-08-25T13:49:24.86Z" },
]
